{
  "version": 4,
  "terraform_version": "1.12.2",
  "serial": 48,
  "lineage": "b655c5e3-d6bb-233b-9851-3e78ac85e40a",
  "outputs": {
    "pretty_url": {
      "value": "api.seshon.tech",
      "type": "string"
    },
    "public_ip": {
      "value": "64.181.250.33",
      "type": "string"
    },
    "tunnel_url": {
      "value": "993acf26-ca22-4a62-ba02-2fb4ad3ab41c.cfargotunnel.com",
      "type": "string"
    }
  },
  "resources": [
    {
      "mode": "data",
      "type": "oci_core_images",
      "name": "ubuntu",
      "provider": "provider[\"registry.terraform.io/oracle/oci\"]",
      "instances": [
        {
          "schema_version": 0,
          "attributes": {
            "compartment_id": "ocid1.tenancy.oc1..aaaaaaaaou7qvcvvd6ncftsnlyga5twi4hifqnf3k6bjwpztnzgspida5roa",
            "display_name": null,
            "filter": null,
            "id": "CoreImagesDataSource-1022799281",
            "images": [
              {
                "agent_features": [],
                "base_image_id": "",
                "billable_size_in_gbs": "3",
                "compartment_id": "",
                "create_image_allowed": true,
                "defined_tags": {},
                "display_name": "Canonical-Ubuntu-20.04-2025.05.20-0",
                "freeform_tags": {},
                "id": "ocid1.image.oc1.us-sanjose-1.aaaaaaaaxw2tlwyedjycke36fxpsmqtwjpmti3xam6zr4h5uzhalm4oixdta",
                "image_source_details": [],
                "instance_id": "",
                "launch_mode": "NATIVE",
                "launch_options": [
                  {
                    "boot_volume_type": "PARAVIRTUALIZED",
                    "firmware": "UEFI_64",
                    "is_consistent_volume_naming_enabled": true,
                    "is_pv_encryption_in_transit_enabled": true,
                    "network_type": "PARAVIRTUALIZED",
                    "remote_data_volume_type": "PARAVIRTUALIZED"
                  }
                ],
                "listing_type": "",
                "operating_system": "Canonical Ubuntu",
                "operating_system_version": "20.04",
                "size_in_mbs": "47694",
                "state": "AVAILABLE",
                "time_created": "2025-05-22 02:03:48.652 +0000 UTC"
              },
              {
                "agent_features": [],
                "base_image_id": "",
                "billable_size_in_gbs": "3",
                "compartment_id": "",
                "create_image_allowed": true,
                "defined_tags": {},
                "display_name": "Canonical-Ubuntu-20.04-2025.03.28-0",
                "freeform_tags": {},
                "id": "ocid1.image.oc1.us-sanjose-1.aaaaaaaavqh3mrmaifl2nvwyhn6cow7hmoihru4fqykj4j7ecfsg42kxa25a",
                "image_source_details": [],
                "instance_id": "",
                "launch_mode": "NATIVE",
                "launch_options": [
                  {
                    "boot_volume_type": "PARAVIRTUALIZED",
                    "firmware": "UEFI_64",
                    "is_consistent_volume_naming_enabled": true,
                    "is_pv_encryption_in_transit_enabled": true,
                    "network_type": "PARAVIRTUALIZED",
                    "remote_data_volume_type": "PARAVIRTUALIZED"
                  }
                ],
                "listing_type": "",
                "operating_system": "Canonical Ubuntu",
                "operating_system_version": "20.04",
                "size_in_mbs": "47694",
                "state": "AVAILABLE",
                "time_created": "2025-03-30 16:12:42.821 +0000 UTC"
              },
              {
                "agent_features": [],
                "base_image_id": "",
                "billable_size_in_gbs": "3",
                "compartment_id": "",
                "create_image_allowed": true,
                "defined_tags": {},
                "display_name": "Canonical-Ubuntu-20.04-2025.01.31-1",
                "freeform_tags": {},
                "id": "ocid1.image.oc1.us-sanjose-1.aaaaaaaaka77df4vad27cm7oamg3zji6ir5zrvbwbkm7ks7rvucd3bwsbqnq",
                "image_source_details": [],
                "instance_id": "",
                "launch_mode": "NATIVE",
                "launch_options": [
                  {
                    "boot_volume_type": "PARAVIRTUALIZED",
                    "firmware": "UEFI_64",
                    "is_consistent_volume_naming_enabled": true,
                    "is_pv_encryption_in_transit_enabled": true,
                    "network_type": "PARAVIRTUALIZED",
                    "remote_data_volume_type": "PARAVIRTUALIZED"
                  }
                ],
                "listing_type": "",
                "operating_system": "Canonical Ubuntu",
                "operating_system_version": "20.04",
                "size_in_mbs": "47694",
                "state": "AVAILABLE",
                "time_created": "2025-03-20 15:04:46.073 +0000 UTC"
              }
            ],
            "operating_system": "Canonical Ubuntu",
            "operating_system_version": "20.04",
            "shape": "VM.Standard.E2.1.Micro",
            "sort_by": "TIMECREATED",
            "sort_order": "DESC",
            "state": null
          },
          "sensitive_attributes": [],
          "identity_schema_version": 0
        }
      ]
    },
    {
      "mode": "data",
      "type": "oci_identity_availability_domains",
      "name": "ads",
      "provider": "provider[\"registry.terraform.io/oracle/oci\"]",
      "instances": [
        {
          "schema_version": 0,
          "attributes": {
            "availability_domains": [
              {
                "compartment_id": "ocid1.tenancy.oc1..aaaaaaaaou7qvcvvd6ncftsnlyga5twi4hifqnf3k6bjwpztnzgspida5roa",
                "id": "ocid1.availabilitydomain.oc1..aaaaaaaavi2wyd6rjjffu5nzgb3gjq4thy46k7sgw5ibh7mu5sq5fyie6t5a",
                "name": "gXeX:US-SANJOSE-1-AD-1"
              }
            ],
            "compartment_id": "ocid1.tenancy.oc1..aaaaaaaaou7qvcvvd6ncftsnlyga5twi4hifqnf3k6bjwpztnzgspida5roa",
            "filter": null,
            "id": "IdentityAvailabilityDomainsDataSource-70714727"
          },
          "sensitive_attributes": [],
          "identity_schema_version": 0
        }
      ]
    },
    {
      "mode": "managed",
      "type": "cloudflare_record",
      "name": "api_dns",
      "provider": "provider[\"registry.terraform.io/cloudflare/cloudflare\"]",
      "instances": [
        {
          "index_key": 0,
          "schema_version": 3,
          "attributes": {
            "allow_overwrite": false,
            "comment": "",
            "content": "993acf26-ca22-4a62-ba02-2fb4ad3ab41c.cfargotunnel.com",
            "created_on": "2025-06-29T22:39:51.652703Z",
            "data": [],
            "hostname": "api.seshon.tech",
            "id": "258e53be522140581740ce57f2c33e50",
            "metadata": {},
            "modified_on": "2025-06-29T22:39:51.652703Z",
            "name": "api",
            "priority": null,
            "proxiable": true,
            "proxied": true,
            "tags": [],
            "timeouts": null,
            "ttl": 1,
            "type": "CNAME",
            "value": null,
            "zone_id": "e784f64ba402cbef4cfb9c5e7e5b1e0b"
          },
          "sensitive_attributes": [],
          "identity_schema_version": 0,
          "private": "eyJlMmJmYjczMC1lY2FhLTExZTYtOGY4OC0zNDM2M2JjN2M0YzAiOnsiY3JlYXRlIjozMDAwMDAwMDAwMCwidXBkYXRlIjozMDAwMDAwMDAwMH0sInNjaGVtYV92ZXJzaW9uIjoiMyJ9",
          "dependencies": [
            "cloudflare_tunnel.backend",
            "random_password.tunnel_secret"
          ]
        }
      ]
    },
    {
      "mode": "managed",
      "type": "cloudflare_tunnel",
      "name": "backend",
      "provider": "provider[\"registry.terraform.io/cloudflare/cloudflare\"]",
      "instances": [
        {
          "schema_version": 0,
          "attributes": {
            "account_id": "4f04d88b86e79ae34634d4cd901ca6ec",
            "cname": "993acf26-ca22-4a62-ba02-2fb4ad3ab41c.cfargotunnel.com",
            "config_src": null,
            "id": "993acf26-ca22-4a62-ba02-2fb4ad3ab41c",
            "name": "oci-backend",
            "secret": "eThBRHpVMWFFSldOZmlQN1MxWG5tYXdxQkRtQmFSeTE=",
            "tunnel_token": "eyJhIjoiNGYwNGQ4OGI4NmU3OWFlMzQ2MzRkNGNkOTAxY2E2ZWMiLCJ0IjoiOTkzYWNmMjYtY2EyMi00YTYyLWJhMDItMmZiNGFkM2FiNDFjIiwicyI6ImVUaEJSSHBWTVdGRlNsZE9abWxRTjFNeFdHNXRZWGR4UWtSdFFtRlNlVEU9In0="
          },
          "sensitive_attributes": [
            [
              {
                "type": "get_attr",
                "value": "secret"
              }
            ],
            [
              {
                "type": "get_attr",
                "value": "tunnel_token"
              }
            ]
          ],
          "identity_schema_version": 0,
          "private": "bnVsbA==",
          "dependencies": [
            "random_password.tunnel_secret"
          ]
        }
      ]
    },
    {
      "mode": "managed",
      "type": "github_actions_secret",
      "name": "ghcr",
      "provider": "provider[\"registry.terraform.io/integrations/github\"]",
      "instances": [
        {
          "schema_version": 0,
          "attributes": {
            "created_at": "2025-06-29 22:07:44 +0000 UTC",
            "encrypted_value": "",
            "id": "distributed-messaging:GHCR_TOKEN",
            "plaintext_value": "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",
            "repository": "distributed-messaging",
            "secret_name": "GHCR_TOKEN",
            "updated_at": "2025-06-29 22:07:44 +0000 UTC"
          },
          "sensitive_attributes": [
            [
              {
                "type": "get_attr",
                "value": "encrypted_value"
              }
            ],
            [
              {
                "type": "get_attr",
                "value": "plaintext_value"
              }
            ]
          ],
          "identity_schema_version": 0,
          "private": "bnVsbA=="
        }
      ]
    },
    {
      "mode": "managed",
      "type": "github_repository_file",
      "name": "ci",
      "provider": "provider[\"registry.terraform.io/integrations/github\"]",
      "instances": [
        {
          "schema_version": 0,
          "attributes": {
            "autocreate_branch": null,
            "autocreate_branch_source_branch": null,
            "autocreate_branch_source_sha": null,
            "branch": "main",
            "commit_author": null,
            "commit_email": null,
            "commit_message": "Add CI workflow via Terraform",
            "commit_sha": "76b1cdbfed987772b67049f5d0347a699f9595d9",
            "content": "name: Build \u0026 Push Docker\non:\n  push:\n    branches: [main]\npermissions:\n  contents: read\n  # NOTE: 'write:packages' includes read permissions.\n  packages: write\njobs:\n  build:\n    runs-on: ubuntu-latest\n    steps:\n      - uses: actions/checkout@v4\n      - uses: docker/setup-buildx-action@v3\n      - uses: docker/login-action@v3\n        with:\n          registry: ghcr.io\n          username: benedictnurs\n          password: ${{ secrets.GHCR_TOKEN }}\n      - uses: docker/build-push-action@v5\n        with:\n          context: ./backend\n          file: ./backend/Dockerfile\n          push: true\n          tags: ghcr.io/benedictnurs/distributed-messaging:latest\n",
            "file": ".github/workflows/ci.yml",
            "id": "distributed-messaging/.github/workflows/ci.yml",
            "overwrite_on_create": true,
            "ref": "main",
            "repository": "distributed-messaging",
            "sha": "143b31a39054d3a3cc0553c5464ca2244faeb094"
          },
          "sensitive_attributes": [],
          "identity_schema_version": 0,
          "private": "bnVsbA=="
        }
      ]
    },
    {
      "mode": "managed",
      "type": "oci_core_instance",
      "name": "vm",
      "provider": "provider[\"registry.terraform.io/oracle/oci\"]",
      "instances": [
        {
          "schema_version": 0,
          "attributes": {
            "agent_config": [
              {
                "are_all_plugins_disabled": false,
                "is_management_disabled": false,
                "is_monitoring_disabled": false,
                "plugins_config": []
              }
            ],
            "async": null,
            "availability_config": [
              {
                "is_live_migration_preferred": false,
                "recovery_action": "RESTORE_INSTANCE"
              }
            ],
            "availability_domain": "gXeX:US-SANJOSE-1-AD-1",
            "boot_volume_id": "ocid1.bootvolume.oc1.us-sanjose-1.abzwuljreyai637gy2qurkaxxnm2tr5c5nnfutpvu266rmjuoziwd7i3xeaq",
            "capacity_reservation_id": null,
            "cluster_placement_group_id": null,
            "compartment_id": "ocid1.tenancy.oc1..aaaaaaaaou7qvcvvd6ncftsnlyga5twi4hifqnf3k6bjwpztnzgspida5roa",
            "compute_cluster_id": null,
            "create_vnic_details": [
              {
                "assign_ipv6ip": false,
                "assign_private_dns_record": false,
                "assign_public_ip": "true",
                "defined_tags": {
                  "Oracle-Tags.CreatedBy": "default/benedictnursalim@gmail.com",
                  "Oracle-Tags.CreatedOn": "2025-06-29T22:40:26.463Z"
                },
                "display_name": "backend-vm",
                "freeform_tags": {},
                "hostname_label": "backend-vm",
                "ipv6address_ipv6subnet_cidr_pair_details": [],
                "nsg_ids": [],
                "private_ip": "10.0.1.62",
                "skip_source_dest_check": false,
                "subnet_id": "ocid1.subnet.oc1.us-sanjose-1.aaaaaaaa6xw7ng57pwmps3avqrm2pbj6hkersnrdea47nx63xtff4mvu2asq",
                "vlan_id": ""
              }
            ],
            "dedicated_vm_host_id": null,
            "defined_tags": {
              "Oracle-Tags.CreatedBy": "default/benedictnursalim@gmail.com",
              "Oracle-Tags.CreatedOn": "2025-06-29T22:40:26.340Z"
            },
            "display_name": "backend-vm",
            "extended_metadata": {},
            "fault_domain": "FAULT-DOMAIN-3",
            "freeform_tags": {},
            "hostname_label": "backend-vm",
            "id": "ocid1.instance.oc1.us-sanjose-1.anzwuljrbytjrmacwl3n3hjbkua5dxinb2sflbjrhtsy7vkzxujzubtly6na",
            "image": "ocid1.image.oc1.us-sanjose-1.aaaaaaaaxw2tlwyedjycke36fxpsmqtwjpmti3xam6zr4h5uzhalm4oixdta",
            "instance_configuration_id": null,
            "instance_options": [
              {
                "are_legacy_imds_endpoints_disabled": false
              }
            ],
            "ipxe_script": null,
            "is_cross_numa_node": false,
            "is_pv_encryption_in_transit_enabled": null,
            "launch_mode": "PARAVIRTUALIZED",
            "launch_options": [
              {
                "boot_volume_type": "PARAVIRTUALIZED",
                "firmware": "UEFI_64",
                "is_consistent_volume_naming_enabled": true,
                "is_pv_encryption_in_transit_enabled": false,
                "network_type": "PARAVIRTUALIZED",
                "remote_data_volume_type": "PARAVIRTUALIZED"
              }
            ],
            "launch_volume_attachments": [],
            "metadata": {
              "ssh_authorized_keys": "ssh-rsa AAAAB3NzaC1yc2EAAAADAQABAAACAQDEiRisGkBiHV3ZsQ9Y/Z6B/WFqSN+eTvJH5EErLZH4JTYuvDR1AHDqKfAJtANJVL259fjN5OAWHWcTkgvffEEqDBTRTGtqCCtqzsjgwHjnTOlmnDx4zWzGBJxthnEuAywmfEj16PLdOajv1UBjjNqf10F7/I8ZhzMGyguAZHeEhuTaXEngddNJXP2NHX9F1JMWKXa7rT2VqkNUSU3paedamDOfOJef/4MnYpkn/0RRSuGj1o6tSOxSuahNYMN/Reyh1QuXd1bmilXf8ZMI7lT9q6Vje+mkEX/qnuBMEVBsL3VVX6bRlaI2lcbnuP6bd10KxR4HRMunV3Cwo9eEscQWBqHmQuSkV07T7OEN+2lkoetfWEEdo2mmAnSAe8dhepPPrRaWsk2nKyQdssOjfg3dHOJ8r7cojJRqErvR+gDdi0+HEhnj4ZSdHy+3/mX8kiYHNwLLyEP4jxCOSn8cg7VopEbD4E4iiJFrfqclNK9aVd3mnO8PUH3MmnTjELgdHG01zcq9SXDP3k06wCAGSvsJqLzk74wz9f03pfIsl01QhRwYYAabzG0mSpa8OefAwJSzMkO3xHV4G30C1QIcB9ici2QiJ7q2mvSS8hNdAEUqBg+u4k5+7Y8A52T/d8G1ha9bx2C8cZZ6pCRBKQ8I3iWC+a+9gwTONLPQmCmXEqB06w== benedictnursalim@Hens-MacBook-Air.local",
              "user_data": "IyEvYmluL2Jhc2gKIyBDcmVhdGUgbmV3IHVzZXIgYW5kIHNldCBwYXNzd29yZAp1c2VyYWRkIC1tIC1zIC9iaW4vYmFzaCB1c2VyCmVjaG8gJ3VzZXI6cGFzc3dvcmQnIHwgY2hwYXNzd2QKIyBBZGQgdXNlciB0byB0aGUgc3VkbyBncm91cCB0byBhbGxvdyBhZG1pbiBwcml2aWxlZ2VzCnVzZXJtb2QgLWFHIHN1ZG8gdXNlcgoKIyBJbnN0YWxsIERvY2tlcgphcHQtZ2V0IHVwZGF0ZSAteQphcHQtZ2V0IGluc3RhbGwgLXkgZG9ja2VyLmlvCnN5c3RlbWN0bCBzdGFydCBkb2NrZXIKc3lzdGVtY3RsIGVuYWJsZSBkb2NrZXIKCiMgSW5zdGFsbCBDbG91ZGZsYXJlIFR1bm5lbAp3Z2V0IGh0dHBzOi8vZ2l0aHViLmNvbS9jbG91ZGZsYXJlL2Nsb3VkZmxhcmVkL3JlbGVhc2VzL2xhdGVzdC9kb3dubG9hZC9jbG91ZGZsYXJlZC1saW51eC1hbWQ2NC5kZWIKZHBrZyAtaSBjbG91ZGZsYXJlZC1saW51eC1hbWQ2NC5kZWIKY2xvdWRmbGFyZWQgc2VydmljZSBpbnN0YWxsIGV5SmhJam9pTkdZd05HUTRPR0k0Tm1VM09XRmxNelEyTXpSa05HTmtPVEF4WTJFMlpXTWlMQ0owSWpvaU9Ua3pZV05tTWpZdFkyRXlNaTAwWVRZeUxXSmhNREl0TW1aaU5HRmtNMkZpTkRGaklpd2ljeUk2SW1WVWFFSlNTSEJXVFZkR1JsTnNaRTlhYld4UlRqRk5lRmRITlhSWldHUjRVV3RTZEZGdFJsTmxWRVU5SW4wPQpzeXN0ZW1jdGwgc3RhcnQgY2xvdWRmbGFyZWQKCiMgUnVuIHRoZSBhcHBsaWNhdGlvbiBEb2NrZXIgY29udGFpbmVyCmRvY2tlciBydW4gLWQgLS1yZXN0YXJ0PWFsd2F5cyAtcCA4MDgwOjgwODAgZ2hjci5pby9iZW5lZGljdG51cnMvZGlzdHJpYnV0ZWQtbWVzc2FnaW5nOmxhdGVzdAo="
            },
            "platform_config": [],
            "preemptible_instance_config": [],
            "preserve_boot_volume": null,
            "preserve_data_volumes_created_at_launch": null,
            "private_ip": "10.0.1.62",
            "public_ip": "64.181.250.33",
            "region": "us-sanjose-1",
            "shape": "VM.Standard.E2.1.Micro",
            "shape_config": [
              {
                "baseline_ocpu_utilization": "",
                "gpu_description": "",
                "gpus": 0,
                "local_disk_description": "",
                "local_disks": 0,
                "local_disks_total_size_in_gbs": 0,
                "max_vnic_attachments": 1,
                "memory_in_gbs": 1,
                "networking_bandwidth_in_gbps": 0.47999998927116394,
                "nvmes": 0,
                "ocpus": 1,
                "processor_description": "2.0 GHz AMD EPYC™ 7551 (Naples)",
                "vcpus": 2
              }
            ],
            "source_details": [
              {
                "boot_volume_size_in_gbs": "47",
                "boot_volume_vpus_per_gb": "10",
                "instance_source_image_filter_details": [],
                "is_preserve_boot_volume_enabled": false,
                "kms_key_id": "",
                "source_id": "ocid1.image.oc1.us-sanjose-1.aaaaaaaaxw2tlwyedjycke36fxpsmqtwjpmti3xam6zr4h5uzhalm4oixdta",
                "source_type": "image"
              }
            ],
            "state": "RUNNING",
            "subnet_id": "ocid1.subnet.oc1.us-sanjose-1.aaaaaaaa6xw7ng57pwmps3avqrm2pbj6hkersnrdea47nx63xtff4mvu2asq",
            "system_tags": {
              "orcl-cloud.free-tier-retained": "true"
            },
            "time_created": "2025-06-29 22:40:26.849 +0000 UTC",
            "time_maintenance_reboot_due": "",
            "timeouts": null,
            "update_operation_constraint": null
          },
          "sensitive_attributes": [
            [
              {
                "type": "get_attr",
                "value": "metadata"
              },
              {
                "type": "index",
                "value": {
                  "value": "user_data",
                  "type": "string"
                }
              }
            ]
          ],
          "identity_schema_version": 0,
          "private": "eyJlMmJmYjczMC1lY2FhLTExZTYtOGY4OC0zNDM2M2JjN2M0YzAiOnsiY3JlYXRlIjoyNzAwMDAwMDAwMDAwLCJkZWxldGUiOjQ1MDAwMDAwMDAwMDAsInVwZGF0ZSI6MjcwMDAwMDAwMDAwMH19",
          "dependencies": [
            "cloudflare_tunnel.backend",
            "data.oci_core_images.ubuntu",
            "data.oci_identity_availability_domains.ads",
            "oci_core_internet_gateway.igw",
            "oci_core_route_table.rt",
            "oci_core_subnet.subnet",
            "oci_core_vcn.vcn",
            "random_password.tunnel_secret"
          ]
        }
      ]
    },
    {
      "mode": "managed",
      "type": "oci_core_internet_gateway",
      "name": "igw",
      "provider": "provider[\"registry.terraform.io/oracle/oci\"]",
      "instances": [
        {
          "schema_version": 0,
          "attributes": {
            "compartment_id": "ocid1.tenancy.oc1..aaaaaaaaou7qvcvvd6ncftsnlyga5twi4hifqnf3k6bjwpztnzgspida5roa",
            "defined_tags": {
              "Oracle-Tags.CreatedBy": "default/benedictnursalim@gmail.com",
              "Oracle-Tags.CreatedOn": "2025-06-29T21:44:00.098Z"
            },
            "display_name": "igw",
            "enabled": true,
            "freeform_tags": {},
            "id": "ocid1.internetgateway.oc1.us-sanjose-1.aaaaaaaap2clf3uq5upkll7pjvncbasq36cphlcirfuvls3a5n2ko7uf6woq",
            "route_table_id": null,
            "state": "AVAILABLE",
            "time_created": "2025-06-29 21:44:00.126 +0000 UTC",
            "timeouts": null,
            "vcn_id": "ocid1.vcn.oc1.us-sanjose-1.amaaaaaabytjrmaaonn4ae7zpw4vtzixvv7zaqqvzqrp4t7sesbxtnpjbswq"
          },
          "sensitive_attributes": [],
          "identity_schema_version": 0,
          "private": "eyJlMmJmYjczMC1lY2FhLTExZTYtOGY4OC0zNDM2M2JjN2M0YzAiOnsiY3JlYXRlIjoxMjAwMDAwMDAwMDAwLCJkZWxldGUiOjEyMDAwMDAwMDAwMDAsInVwZGF0ZSI6MTIwMDAwMDAwMDAwMH19",
          "dependencies": [
            "oci_core_vcn.vcn"
          ]
        }
      ]
    },
    {
      "mode": "managed",
      "type": "oci_core_route_table",
      "name": "rt",
      "provider": "provider[\"registry.terraform.io/oracle/oci\"]",
      "instances": [
        {
          "schema_version": 0,
          "attributes": {
            "compartment_id": "ocid1.tenancy.oc1..aaaaaaaaou7qvcvvd6ncftsnlyga5twi4hifqnf3k6bjwpztnzgspida5roa",
            "defined_tags": {
              "Oracle-Tags.CreatedBy": "default/benedictnursalim@gmail.com",
              "Oracle-Tags.CreatedOn": "2025-06-29T21:44:00.727Z"
            },
            "display_name": "routetable20250629214400",
            "freeform_tags": {},
            "id": "ocid1.routetable.oc1.us-sanjose-1.aaaaaaaaykr5dah3hk5eyioxopgzuk4bwcw3rbgh677l4dngnwr5ocydwcfa",
            "route_rules": [
              {
                "cidr_block": "",
                "description": "",
                "destination": "0.0.0.0/0",
                "destination_type": "CIDR_BLOCK",
                "network_entity_id": "ocid1.internetgateway.oc1.us-sanjose-1.aaaaaaaap2clf3uq5upkll7pjvncbasq36cphlcirfuvls3a5n2ko7uf6woq",
                "route_type": ""
              }
            ],
            "state": "AVAILABLE",
            "time_created": "2025-06-29 21:44:00.748 +0000 UTC",
            "timeouts": null,
            "vcn_id": "ocid1.vcn.oc1.us-sanjose-1.amaaaaaabytjrmaaonn4ae7zpw4vtzixvv7zaqqvzqrp4t7sesbxtnpjbswq"
          },
          "sensitive_attributes": [],
          "identity_schema_version": 0,
          "private": "eyJlMmJmYjczMC1lY2FhLTExZTYtOGY4OC0zNDM2M2JjN2M0YzAiOnsiY3JlYXRlIjoxMjAwMDAwMDAwMDAwLCJkZWxldGUiOjEyMDAwMDAwMDAwMDAsInVwZGF0ZSI6MTIwMDAwMDAwMDAwMH19",
          "dependencies": [
            "oci_core_internet_gateway.igw",
            "oci_core_vcn.vcn"
          ]
        }
      ]
    },
    {
      "mode": "managed",
      "type": "oci_core_subnet",
      "name": "subnet",
      "provider": "provider[\"registry.terraform.io/oracle/oci\"]",
      "instances": [
        {
          "schema_version": 0,
          "attributes": {
            "availability_domain": null,
            "cidr_block": "10.0.1.0/24",
            "compartment_id": "ocid1.tenancy.oc1..aaaaaaaaou7qvcvvd6ncftsnlyga5twi4hifqnf3k6bjwpztnzgspida5roa",
            "defined_tags": {
              "Oracle-Tags.CreatedBy": "default/benedictnursalim@gmail.com",
              "Oracle-Tags.CreatedOn": "2025-06-29T21:44:01.308Z"
            },
            "dhcp_options_id": "ocid1.dhcpoptions.oc1.us-sanjose-1.aaaaaaaanb5eeashvfxan7r364wc3elsn2xvuh72xy4m3b77titvqjvcmm2q",
            "display_name": "backend-subnet",
            "dns_label": "backend",
            "freeform_tags": {},
            "id": "ocid1.subnet.oc1.us-sanjose-1.aaaaaaaa6xw7ng57pwmps3avqrm2pbj6hkersnrdea47nx63xtff4mvu2asq",
            "ipv6cidr_block": null,
            "ipv6cidr_blocks": [],
            "ipv6virtual_router_ip": null,
            "prohibit_internet_ingress": false,
            "prohibit_public_ip_on_vnic": false,
            "route_table_id": "ocid1.routetable.oc1.us-sanjose-1.aaaaaaaaykr5dah3hk5eyioxopgzuk4bwcw3rbgh677l4dngnwr5ocydwcfa",
            "security_list_ids": [
              "ocid1.securitylist.oc1.us-sanjose-1.aaaaaaaatzp6q4xvywqge4wmjuqcwu54fhmwbqtvixzirg7ebp5ubb7k45ta"
            ],
            "state": "AVAILABLE",
            "subnet_domain_name": "backend.backendvcn.oraclevcn.com",
            "time_created": "2025-06-29 21:44:01.366 +0000 UTC",
            "timeouts": null,
            "vcn_id": "ocid1.vcn.oc1.us-sanjose-1.amaaaaaabytjrmaaonn4ae7zpw4vtzixvv7zaqqvzqrp4t7sesbxtnpjbswq",
            "virtual_router_ip": "10.0.1.1",
            "virtual_router_mac": "00:00:17:58:F2:34"
          },
          "sensitive_attributes": [],
          "identity_schema_version": 0,
          "private": "eyJlMmJmYjczMC1lY2FhLTExZTYtOGY4OC0zNDM2M2JjN2M0YzAiOnsiY3JlYXRlIjoxMjAwMDAwMDAwMDAwLCJkZWxldGUiOjEyMDAwMDAwMDAwMDAsInVwZGF0ZSI6MTIwMDAwMDAwMDAwMH19",
          "dependencies": [
            "oci_core_internet_gateway.igw",
            "oci_core_route_table.rt",
            "oci_core_vcn.vcn"
          ]
        }
      ]
    },
    {
      "mode": "managed",
      "type": "oci_core_vcn",
      "name": "vcn",
      "provider": "provider[\"registry.terraform.io/oracle/oci\"]",
      "instances": [
        {
          "schema_version": 0,
          "attributes": {
            "byoipv6cidr_blocks": [],
            "byoipv6cidr_details": [],
            "cidr_block": "10.0.0.0/16",
            "cidr_blocks": [
              "10.0.0.0/16"
            ],
            "compartment_id": "ocid1.tenancy.oc1..aaaaaaaaou7qvcvvd6ncftsnlyga5twi4hifqnf3k6bjwpztnzgspida5roa",
            "default_dhcp_options_id": "ocid1.dhcpoptions.oc1.us-sanjose-1.aaaaaaaanb5eeashvfxan7r364wc3elsn2xvuh72xy4m3b77titvqjvcmm2q",
            "default_route_table_id": "ocid1.routetable.oc1.us-sanjose-1.aaaaaaaamnagocdcv66bah6w2tzdeinsi2jjv6tstl55vkgccqvh6u35ngdq",
            "default_security_list_id": "ocid1.securitylist.oc1.us-sanjose-1.aaaaaaaatzp6q4xvywqge4wmjuqcwu54fhmwbqtvixzirg7ebp5ubb7k45ta",
            "defined_tags": {
              "Oracle-Tags.CreatedBy": "default/benedictnursalim@gmail.com",
              "Oracle-Tags.CreatedOn": "2025-06-29T21:43:59.398Z"
            },
            "display_name": "backend-vcn",
            "dns_label": "backendvcn",
            "freeform_tags": {},
            "id": "ocid1.vcn.oc1.us-sanjose-1.amaaaaaabytjrmaaonn4ae7zpw4vtzixvv7zaqqvzqrp4t7sesbxtnpjbswq",
            "ipv6cidr_blocks": [],
            "ipv6private_cidr_blocks": [],
            "is_ipv6enabled": false,
            "is_oracle_gua_allocation_enabled": null,
            "state": "AVAILABLE",
            "time_created": "2025-06-29 21:43:59.443 +0000 UTC",
            "timeouts": null,
            "vcn_domain_name": "backendvcn.oraclevcn.com"
          },
          "sensitive_attributes": [],
          "identity_schema_version": 0,
          "private": "eyJlMmJmYjczMC1lY2FhLTExZTYtOGY4OC0zNDM2M2JjN2M0YzAiOnsiY3JlYXRlIjoxMjAwMDAwMDAwMDAwLCJkZWxldGUiOjEyMDAwMDAwMDAwMDAsInVwZGF0ZSI6MTIwMDAwMDAwMDAwMH19"
        }
      ]
    },
    {
      "mode": "managed",
      "type": "random_password",
      "name": "tunnel_secret",
      "provider": "provider[\"registry.terraform.io/hashicorp/random\"]",
      "instances": [
        {
          "schema_version": 3,
          "attributes": {
            "bcrypt_hash": "$2a$10$AuwZ0rc4I3nOxQ8kfsu3kOQ9lI6NG6L4fSzVn4tD6ofskgWsJXCgK",
            "id": "none",
            "keepers": null,
            "length": 32,
            "lower": true,
            "min_lower": 0,
            "min_numeric": 0,
            "min_special": 0,
            "min_upper": 0,
            "number": true,
            "numeric": true,
            "override_special": null,
            "result": "y8ADzU1aEJWNfiP7S1XnmawqBDmBaRy1",
            "special": false,
            "upper": true
          },
          "sensitive_attributes": [
            [
              {
                "type": "get_attr",
                "value": "bcrypt_hash"
              }
            ],
            [
              {
                "type": "get_attr",
                "value": "result"
              }
            ]
          ],
          "identity_schema_version": 0
        }
      ]
    }
  ],
  "check_results": null
}
